
Microsoft Visual Studio Solution File, Format Version 12.00
# Visual Studio 15
VisualStudioVersion = 15.0.27703.2042
MinimumVisualStudioVersion = 10.0.40219.1
Project("{FAE04EC0-301F-11D3-BF4B-00C04F79EFBC}") = "Neveria", "Neveria\Neveria.csproj", "{4B0F4823-0A58-4516-B214-72F4606BA236}"
EndProject
Global
	GlobalSection(SolutionConfigurationPlatforms) = preSolution
		Debug|Any CPU = Debug|Any CPU
		Release|Any CPU = Release|Any CPU
	EndGlobalSection
	GlobalSection(ProjectConfigurationPlatforms) = postSolution
		{4B0F4823-0A58-4516-B214-72F4606BA236}.Debug|Any CPU.ActiveCfg = Debug|Any CPU
		{4B0F4823-0A58-4516-B214-72F4606BA236}.Debug|Any CPU.Build.0 = Debug|Any CPU
		{4B0F4823-0A58-4516-B214-72F4606BA236}.Release|Any CPU.ActiveCfg = Release|Any CPU
		{4B0F4823-0A58-4516-B214-72F4606BA236}.Release|Any CPU.Build.0 = Release|Any CPU
	EndGlobalSection
	GlobalSection(SolutionProperties) = preSolution
		HideSolutionNode = FALSE
	EndGlobalSection
	GlobalSection(ExtensibilityGlobals) = postSolution
		SolutionGuid = {002E9A46-A721-4AF9-9D1B-4FFAEF36DB80}
	EndGlobalSection
EndGlobal
